
Microsoft Visual Studio Solution File, Format Version 12.00
# Visual Studio Version 17
VisualStudioVersion = 17.1.32421.90
MinimumVisualStudioVersion = 10.0.40219.1
Project("{2150E333-8FDC-42A3-9474-1A3956D46DE8}") = "Tests", "Tests", "{D18E7C20-9718-4C5E-BF38-DEDAF4391A59}"
EndProject
Project("{9A19103F-16F7-4668-BE54-9A1E7A4F7556}") = "Test_Task1", "Test_Task1\Test_Task1.csproj", "{1993C69E-3DA2-4C33-83C2-DEB54586A572}"
EndProject
Project("{FAE04EC0-301F-11D3-BF4B-00C04F79EFBC}") = "Aufgabe1_Zinsberechnung", "Aufgabe1_Zinsberechnung\Aufgabe1_Zinsberechnung.csproj", "{CEBDF7BB-737F-41FA-B993-106266226739}"
EndProject
Global
	GlobalSection(SolutionConfigurationPlatforms) = preSolution
		Debug|Any CPU = Debug|Any CPU
		Release|Any CPU = Release|Any CPU
	EndGlobalSection
	GlobalSection(ProjectConfigurationPlatforms) = postSolution
		{1993C69E-3DA2-4C33-83C2-DEB54586A572}.Debug|Any CPU.ActiveCfg = Debug|Any CPU
		{1993C69E-3DA2-4C33-83C2-DEB54586A572}.Debug|Any CPU.Build.0 = Debug|Any CPU
		{1993C69E-3DA2-4C33-83C2-DEB54586A572}.Release|Any CPU.ActiveCfg = Release|Any CPU
		{1993C69E-3DA2-4C33-83C2-DEB54586A572}.Release|Any CPU.Build.0 = Release|Any CPU
		{CEBDF7BB-737F-41FA-B993-106266226739}.Debug|Any CPU.ActiveCfg = Debug|Any CPU
		{CEBDF7BB-737F-41FA-B993-106266226739}.Debug|Any CPU.Build.0 = Debug|Any CPU
		{CEBDF7BB-737F-41FA-B993-106266226739}.Release|Any CPU.ActiveCfg = Release|Any CPU
		{CEBDF7BB-737F-41FA-B993-106266226739}.Release|Any CPU.Build.0 = Release|Any CPU
	EndGlobalSection
	GlobalSection(SolutionProperties) = preSolution
		HideSolutionNode = FALSE
	EndGlobalSection
	GlobalSection(NestedProjects) = preSolution
		{1993C69E-3DA2-4C33-83C2-DEB54586A572} = {D18E7C20-9718-4C5E-BF38-DEDAF4391A59}
	EndGlobalSection
	GlobalSection(ExtensibilityGlobals) = postSolution
		SolutionGuid = {882A6092-722B-456F-91F4-B8524515F205}
	EndGlobalSection
EndGlobal
